// !$*UTF8*$!
{
	archiveVersion = 1;
	classes = {
	};
	objectVersion = 50;
	objects = {

/* Begin PBXBuildFile section */
		8E44D85F3B8F4509D65BFD1A /* Pods_AutoLayoutProgrammaticaly.framework in Frameworks */ = {isa = PBXBuildFile; fileRef = B8C664B9C01E2471E9262AED /* Pods_AutoLayoutProgrammaticaly.framework */; };
		FA268DDA228903750040E00E /* AppDelegate.swift in Sources */ = {isa = PBXBuildFile; fileRef = FA268DD9228903750040E00E /* AppDelegate.swift */; };
		FA268DDC228903750040E00E /* FirstViewController.swift in Sources */ = {isa = PBXBuildFile; fileRef = FA268DDB228903750040E00E /* FirstViewController.swift */; };
		FA268DE1228903770040E00E /* Assets.xcassets in Resources */ = {isa = PBXBuildFile; fileRef = FA268DE0228903770040E00E /* Assets.xcassets */; };
		FA268DE4228903770040E00E /* LaunchScreen.storyboard in Resources */ = {isa = PBXBuildFile; fileRef = FA268DE2228903770040E00E /* LaunchScreen.storyboard */; };
		FA268E05228967BD0040E00E /* SecondViewController.swift in Sources */ = {isa = PBXBuildFile; fileRef = FA268E03228967BD0040E00E /* SecondViewController.swift */; };
		FA268E06228967BD0040E00E /* SecondViewController.xib in Resources */ = {isa = PBXBuildFile; fileRef = FA268E04228967BD0040E00E /* SecondViewController.xib */; };
		FA268E08228968EF0040E00E /* FirstViewController.xib in Resources */ = {isa = PBXBuildFile; fileRef = FA268E07228968EF0040E00E /* FirstViewController.xib */; };
		FA268E10228974B20040E00E /* ThirdViewController.swift in Sources */ = {isa = PBXBuildFile; fileRef = FA268E0E228974B20040E00E /* ThirdViewController.swift */; };
		FA268E11228974B20040E00E /* ThirdViewController.xib in Resources */ = {isa = PBXBuildFile; fileRef = FA268E0F228974B20040E00E /* ThirdViewController.xib */; };
		FA268E18228976210040E00E /* InputView.swift in Sources */ = {isa = PBXBuildFile; fileRef = FA268E17228976210040E00E /* InputView.swift */; };
		FA268E1A228976280040E00E /* InputView.xib in Resources */ = {isa = PBXBuildFile; fileRef = FA268E19228976280040E00E /* InputView.xib */; };
		FA268E1E228978440040E00E /* UIView+Extension.swift in Sources */ = {isa = PBXBuildFile; fileRef = FA268E1D228978440040E00E /* UIView+Extension.swift */; };
		FA26FA18228A51490029F04F /* SecondViewCell.swift in Sources */ = {isa = PBXBuildFile; fileRef = FA26FA16228A51490029F04F /* SecondViewCell.swift */; };
		FA26FA19228A51490029F04F /* SecondViewCell.xib in Resources */ = {isa = PBXBuildFile; fileRef = FA26FA17228A51490029F04F /* SecondViewCell.xib */; };
/* End PBXBuildFile section */

/* Begin PBXFileReference section */
		0CEB3BF3850BBDD23E9F85CA /* Pods-AutoLayoutProgrammaticaly.debug.xcconfig */ = {isa = PBXFileReference; includeInIndex = 1; lastKnownFileType = text.xcconfig; name = "Pods-AutoLayoutProgrammaticaly.debug.xcconfig"; path = "Target Support Files/Pods-AutoLayoutProgrammaticaly/Pods-AutoLayoutProgrammaticaly.debug.xcconfig"; sourceTree = "<group>"; };
		515DAA1A871780DB6AD95D69 /* Pods-AutoLayoutProgrammaticaly.release.xcconfig */ = {isa = PBXFileReference; includeInIndex = 1; lastKnownFileType = text.xcconfig; name = "Pods-AutoLayoutProgrammaticaly.release.xcconfig"; path = "Target Support Files/Pods-AutoLayoutProgrammaticaly/Pods-AutoLayoutProgrammaticaly.release.xcconfig"; sourceTree = "<group>"; };
		B8C664B9C01E2471E9262AED /* Pods_AutoLayoutProgrammaticaly.framework */ = {isa = PBXFileReference; explicitFileType = wrapper.framework; includeInIndex = 0; path = Pods_AutoLayoutProgrammaticaly.framework; sourceTree = BUILT_PRODUCTS_DIR; };
		FA268DD6228903750040E00E /* AutoLayoutProgrammaticaly.app */ = {isa = PBXFileReference; explicitFileType = wrapper.application; includeInIndex = 0; path = AutoLayoutProgrammaticaly.app; sourceTree = BUILT_PRODUCTS_DIR; };
		FA268DD9228903750040E00E /* AppDelegate.swift */ = {isa = PBXFileReference; lastKnownFileType = sourcecode.swift; path = AppDelegate.swift; sourceTree = "<group>"; };
		FA268DDB228903750040E00E /* FirstViewController.swift */ = {isa = PBXFileReference; lastKnownFileType = sourcecode.swift; path = FirstViewController.swift; sourceTree = "<group>"; };
		FA268DE0228903770040E00E /* Assets.xcassets */ = {isa = PBXFileReference; lastKnownFileType = folder.assetcatalog; path = Assets.xcassets; sourceTree = "<group>"; };
		FA268DE3228903770040E00E /* Base */ = {isa = PBXFileReference; lastKnownFileType = file.storyboard; name = Base; path = Base.lproj/LaunchScreen.storyboard; sourceTree = "<group>"; };
		FA268DE5228903770040E00E /* Info.plist */ = {isa = PBXFileReference; lastKnownFileType = text.plist.xml; path = Info.plist; sourceTree = "<group>"; };
		FA268E03228967BD0040E00E /* SecondViewController.swift */ = {isa = PBXFileReference; lastKnownFileType = sourcecode.swift; path = SecondViewController.swift; sourceTree = "<group>"; };
		FA268E04228967BD0040E00E /* SecondViewController.xib */ = {isa = PBXFileReference; lastKnownFileType = file.xib; path = SecondViewController.xib; sourceTree = "<group>"; };
		FA268E07228968EF0040E00E /* FirstViewController.xib */ = {isa = PBXFileReference; lastKnownFileType = file.xib; path = FirstViewController.xib; sourceTree = "<group>"; };
		FA268E0E228974B20040E00E /* ThirdViewController.swift */ = {isa = PBXFileReference; lastKnownFileType = sourcecode.swift; path = ThirdViewController.swift; sourceTree = "<group>"; };
		FA268E0F228974B20040E00E /* ThirdViewController.xib */ = {isa = PBXFileReference; lastKnownFileType = file.xib; path = ThirdViewController.xib; sourceTree = "<group>"; };
		FA268E17228976210040E00E /* InputView.swift */ = {isa = PBXFileReference; lastKnownFileType = sourcecode.swift; path = InputView.swift; sourceTree = "<group>"; };
		FA268E19228976280040E00E /* InputView.xib */ = {isa = PBXFileReference; lastKnownFileType = file.xib; path = InputView.xib; sourceTree = "<group>"; };
		FA268E1D228978440040E00E /* UIView+Extension.swift */ = {isa = PBXFileReference; fileEncoding = 4; lastKnownFileType = sourcecode.swift; path = "UIView+Extension.swift"; sourceTree = "<group>"; };
		FA26FA16228A51490029F04F /* SecondViewCell.swift */ = {isa = PBXFileReference; lastKnownFileType = sourcecode.swift; path = SecondViewCell.swift; sourceTree = "<group>"; };
		FA26FA17228A51490029F04F /* SecondViewCell.xib */ = {isa = PBXFileReference; lastKnownFileType = file.xib; path = SecondViewCell.xib; sourceTree = "<group>"; };
/* End PBXFileReference section */

/* Begin PBXFrameworksBuildPhase section */
		FA268DD3228903750040E00E /* Frameworks */ = {
			isa = PBXFrameworksBuildPhase;
			buildActionMask = 2147483647;
			files = (
				8E44D85F3B8F4509D65BFD1A /* Pods_AutoLayoutProgrammaticaly.framework in Frameworks */,
			);
			runOnlyForDeploymentPostprocessing = 0;
		};
/* End PBXFrameworksBuildPhase section */

/* Begin PBXGroup section */
		5F73FAD38C394D1427C26624 /* Pods */ = {
			isa = PBXGroup;
			children = (
				0CEB3BF3850BBDD23E9F85CA /* Pods-AutoLayoutProgrammaticaly.debug.xcconfig */,
				515DAA1A871780DB6AD95D69 /* Pods-AutoLayoutProgrammaticaly.release.xcconfig */,
			);
			path = Pods;
			sourceTree = "<group>";
		};
		A8A2AF2D006E4F0747C6E880 /* Frameworks */ = {
			isa = PBXGroup;
			children = (
				B8C664B9C01E2471E9262AED /* Pods_AutoLayoutProgrammaticaly.framework */,
			);
			name = Frameworks;
			sourceTree = "<group>";
		};
		FA268DCD228903750040E00E = {
			isa = PBXGroup;
			children = (
				FA268DD8228903750040E00E /* AutoLayoutProgrammaticaly */,
				FA268DD7228903750040E00E /* Products */,
				5F73FAD38C394D1427C26624 /* Pods */,
				A8A2AF2D006E4F0747C6E880 /* Frameworks */,
			);
			sourceTree = "<group>";
		};
		FA268DD7228903750040E00E /* Products */ = {
			isa = PBXGroup;
			children = (
				FA268DD6228903750040E00E /* AutoLayoutProgrammaticaly.app */,
			);
			name = Products;
			sourceTree = "<group>";
		};
		FA268DD8228903750040E00E /* AutoLayoutProgrammaticaly */ = {
			isa = PBXGroup;
			children = (
				FA268E1D228978440040E00E /* UIView+Extension.swift */,
				FA268E16228976120040E00E /* InputView */,
				FA268E0B228974760040E00E /* Third */,
				FA268E0A228969400040E00E /* Second */,
				FA268E092289692B0040E00E /* First */,
				FA268DD9228903750040E00E /* AppDelegate.swift */,
				FA268DE0228903770040E00E /* Assets.xcassets */,
				FA268DE2228903770040E00E /* LaunchScreen.storyboard */,
				FA268DE5228903770040E00E /* Info.plist */,
			);
			path = AutoLayoutProgrammaticaly;
			sourceTree = "<group>";
		};
		FA268E092289692B0040E00E /* First */ = {
			isa = PBXGroup;
			children = (
				FA268DDB228903750040E00E /* FirstViewController.swift */,
				FA268E07228968EF0040E00E /* FirstViewController.xib */,
			);
			path = First;
			sourceTree = "<group>";
		};
		FA268E0A228969400040E00E /* Second */ = {
			isa = PBXGroup;
			children = (
				FA26FA15228A50C00029F04F /* Cells */,
				FA268E03228967BD0040E00E /* SecondViewController.swift */,
				FA268E04228967BD0040E00E /* SecondViewController.xib */,
			);
			path = Second;
			sourceTree = "<group>";
		};
		FA268E0B228974760040E00E /* Third */ = {
			isa = PBXGroup;
			children = (
				FA268E0E228974B20040E00E /* ThirdViewController.swift */,
				FA268E0F228974B20040E00E /* ThirdViewController.xib */,
			);
			path = Third;
			sourceTree = "<group>";
		};
		FA268E16228976120040E00E /* InputView */ = {
			isa = PBXGroup;
			children = (
				FA268E17228976210040E00E /* InputView.swift */,
				FA268E19228976280040E00E /* InputView.xib */,
			);
			path = InputView;
			sourceTree = "<group>";
		};
		FA26FA15228A50C00029F04F /* Cells */ = {
			isa = PBXGroup;
			children = (
				FA26FA16228A51490029F04F /* SecondViewCell.swift */,
				FA26FA17228A51490029F04F /* SecondViewCell.xib */,
			);
			path = Cells;
			sourceTree = "<group>";
		};
/* End PBXGroup section */

/* Begin PBXNativeTarget section */
		FA268DD5228903750040E00E /* AutoLayoutProgrammaticaly */ = {
			isa = PBXNativeTarget;
			buildConfigurationList = FA268DE8228903770040E00E /* Build configuration list for PBXNativeTarget "AutoLayoutProgrammaticaly" */;
			buildPhases = (
				37CFAA0E44DC303DE1A80D6F /* [CP] Check Pods Manifest.lock */,
				FA268DD2228903750040E00E /* Sources */,
				FA268DD3228903750040E00E /* Frameworks */,
				FA268DD4228903750040E00E /* Resources */,
				E57D82AC65A7414A3F860326 /* [CP] Embed Pods Frameworks */,
			);
			buildRules = (
			);
			dependencies = (
			);
			name = AutoLayoutProgrammaticaly;
			productName = AutoLayoutProgrammaticaly;
			productReference = FA268DD6228903750040E00E /* AutoLayoutProgrammaticaly.app */;
			productType = "com.apple.product-type.application";
		};
/* End PBXNativeTarget section */

/* Begin PBXProject section */
		FA268DCE228903750040E00E /* Project object */ = {
			isa = PBXProject;
			attributes = {
				LastSwiftUpdateCheck = 1020;
				LastUpgradeCheck = 1020;
				ORGANIZATIONNAME = BTS;
				TargetAttributes = {
					FA268DD5228903750040E00E = {
						CreatedOnToolsVersion = 10.2;
					};
				};
			};
			buildConfigurationList = FA268DD1228903750040E00E /* Build configuration list for PBXProject "AutoLayoutProgrammaticaly" */;
			compatibilityVersion = "Xcode 9.3";
			developmentRegion = en;
			hasScannedForEncodings = 0;
			knownRegions = (
				en,
				Base,
			);
			mainGroup = FA268DCD228903750040E00E;
			productRefGroup = FA268DD7228903750040E00E /* Products */;
			projectDirPath = "";
			projectRoot = "";
			targets = (
				FA268DD5228903750040E00E /* AutoLayoutProgrammaticaly */,
			);
		};
/* End PBXProject section */

/* Begin PBXResourcesBuildPhase section */
		FA268DD4228903750040E00E /* Resources */ = {
			isa = PBXResourcesBuildPhase;
			buildActionMask = 2147483647;
			files = (
				FA26FA19228A51490029F04F /* SecondViewCell.xib in Resources */,
				FA268E06228967BD0040E00E /* SecondViewController.xib in Resources */,
				FA268DE4228903770040E00E /* LaunchScreen.storyboard in Resources */,
				FA268DE1228903770040E00E /* Assets.xcassets in Resources */,
				FA268E11228974B20040E00E /* ThirdViewController.xib in Resources */,
				FA268E08228968EF0040E00E /* FirstViewController.xib in Resources */,
				FA268E1A228976280040E00E /* InputView.xib in Resources */,
			);
			runOnlyForDeploymentPostprocessing = 0;
		};
/* End PBXResourcesBuildPhase section */

/* Begin PBXShellScriptBuildPhase section */
		37CFAA0E44DC303DE1A80D6F /* [CP] Check Pods Manifest.lock */ = {
			isa = PBXShellScriptBuildPhase;
			buildActionMask = 2147483647;
			files = (
			);
			inputFileListPaths = (
			);
			inputPaths = (
				"${PODS_PODFILE_DIR_PATH}/Podfile.lock",
				"${PODS_ROOT}/Manifest.lock",
			);
			name = "[CP] Check Pods Manifest.lock";
			outputFileListPaths = (
			);
			outputPaths = (
				"$(DERIVED_FILE_DIR)/Pods-AutoLayoutProgrammaticaly-checkManifestLockResult.txt",
			);
			runOnlyForDeploymentPostprocessing = 0;
			shellPath = /bin/sh;
			shellScript = "diff \"${PODS_PODFILE_DIR_PATH}/Podfile.lock\" \"${PODS_ROOT}/Manifest.lock\" > /dev/null\nif [ $? != 0 ] ; then\n    # print error to STDERR\n    echo \"error: The sandbox is not in sync with the Podfile.lock. Run 'pod install' or update your CocoaPods installation.\" >&2\n    exit 1\nfi\n# This output is used by Xcode 'outputs' to avoid re-running this script phase.\necho \"SUCCESS\" > \"${SCRIPT_OUTPUT_FILE_0}\"\n";
			showEnvVarsInLog = 0;
		};
		E57D82AC65A7414A3F860326 /* [CP] Embed Pods Frameworks */ = {
			isa = PBXShellScriptBuildPhase;
			buildActionMask = 2147483647;
			files = (
			);
			inputFileListPaths = (
			);
			inputPaths = (
				"${PODS_ROOT}/Target Support Files/Pods-AutoLayoutProgrammaticaly/Pods-AutoLayoutProgrammaticaly-frameworks.sh",
				"${BUILT_PRODUCTS_DIR}/SnapKit/SnapKit.framework",
			);
			name = "[CP] Embed Pods Frameworks";
			outputFileListPaths = (
			);
			outputPaths = (
				"${TARGET_BUILD_DIR}/${FRAMEWORKS_FOLDER_PATH}/SnapKit.framework",
			);
			runOnlyForDeploymentPostprocessing = 0;
			shellPath = /bin/sh;
			shellScript = "\"${PODS_ROOT}/Target Support Files/Pods-AutoLayoutProgrammaticaly/Pods-AutoLayoutProgrammaticaly-frameworks.sh\"\n";
			showEnvVarsInLog = 0;
		};
/* End PBXShellScriptBuildPhase section */

/* Begin PBXSourcesBuildPhase section */
		FA268DD2228903750040E00E /* Sources */ = {
			isa = PBXSourcesBuildPhase;
			buildActionMask = 2147483647;
			files = (
				FA268E1E228978440040E00E /* UIView+Extension.swift in Sources */,
				FA268E05228967BD0040E00E /* SecondViewController.swift in Sources */,
				FA268DDC228903750040E00E /* FirstViewController.swift in Sources */,
				FA268E18228976210040E00E /* InputView.swift in Sources */,
				FA26FA18228A51490029F04F /* SecondViewCell.swift in Sources */,
				FA268E10228974B20040E00E /* ThirdViewController.swift in Sources */,
				FA268DDA228903750040E00E /* AppDelegate.swift in Sources */,
			);
			runOnlyForDeploymentPostprocessing = 0;
		};
/* End PBXSourcesBuildPhase section */

/* Begin PBXVariantGroup section */
		FA268DE2228903770040E00E /* LaunchScreen.storyboard */ = {
			isa = PBXVariantGroup;
			children = (
				FA268DE3228903770040E00E /* Base */,
			);
			name = LaunchScreen.storyboard;
			sourceTree = "<group>";
		};
/* End PBXVariantGroup section */

/* Begin XCBuildConfiguration section */
		FA268DE6228903770040E00E /* Debug */ = {
			isa = XCBuildConfiguration;
			buildSettings = {
				ALWAYS_SEARCH_USER_PATHS = NO;
				CLANG_ANALYZER_NONNULL = YES;
				CLANG_ANALYZER_NUMBER_OBJECT_CONVERSION = YES_AGGRESSIVE;
				CLANG_CXX_LANGUAGE_STANDARD = "gnu++14";
				CLANG_CXX_LIBRARY = "libc++";
				CLANG_ENABLE_MODULES = YES;
				CLANG_ENABLE_OBJC_ARC = YES;
				CLANG_ENABLE_OBJC_WEAK = YES;
				CLANG_WARN_BLOCK_CAPTURE_AUTORELEASING = YES;
				CLANG_WARN_BOOL_CONVERSION = YES;
				CLANG_WARN_COMMA = YES;
				CLANG_WARN_CONSTANT_CONVERSION = YES;
				CLANG_WARN_DEPRECATED_OBJC_IMPLEMENTATIONS = YES;
				CLANG_WARN_DIRECT_OBJC_ISA_USAGE = YES_ERROR;
				CLANG_WARN_DOCUMENTATION_COMMENTS = YES;
				CLANG_WARN_EMPTY_BODY = YES;
				CLANG_WARN_ENUM_CONVERSION = YES;
				CLANG_WARN_INFINITE_RECURSION = YES;
				CLANG_WARN_INT_CONVERSION = YES;
				CLANG_WARN_NON_LITERAL_NULL_CONVERSION = YES;
				CLANG_WARN_OBJC_IMPLICIT_RETAIN_SELF = YES;
				CLANG_WARN_OBJC_LITERAL_CONVERSION = YES;
				CLANG_WARN_OBJC_ROOT_CLASS = YES_ERROR;
				CLANG_WARN_RANGE_LOOP_ANALYSIS = YES;
				CLANG_WARN_STRICT_PROTOTYPES = YES;
				CLANG_WARN_SUSPICIOUS_MOVE = YES;
				CLANG_WARN_UNGUARDED_AVAILABILITY = YES_AGGRESSIVE;
				CLANG_WARN_UNREACHABLE_CODE = YES;
				CLANG_WARN__DUPLICATE_METHOD_MATCH = YES;
				CODE_SIGN_IDENTITY = "iPhone Developer";
				COPY_PHASE_STRIP = NO;
				DEBUG_INFORMATION_FORMAT = dwarf;
				ENABLE_STRICT_OBJC_MSGSEND = YES;
				ENABLE_TESTABILITY = YES;
				GCC_C_LANGUAGE_STANDARD = gnu11;
				GCC_DYNAMIC_NO_PIC = NO;
				GCC_NO_COMMON_BLOCKS = YES;
				GCC_OPTIMIZATION_LEVEL = 0;
				GCC_PREPROCESSOR_DEFINITIONS = (
					"DEBUG=1",
					"$(inherited)",
				);
				GCC_WARN_64_TO_32_BIT_CONVERSION = YES;
				GCC_WARN_ABOUT_RETURN_TYPE = YES_ERROR;
				GCC_WARN_UNDECLARED_SELECTOR = YES;
				GCC_WARN_UNINITIALIZED_AUTOS = YES_AGGRESSIVE;
				GCC_WARN_UNUSED_FUNCTION = YES;
				GCC_WARN_UNUSED_VARIABLE = YES;
				IPHONEOS_DEPLOYMENT_TARGET = 12.2;
				MTL_ENABLE_DEBUG_INFO = INCLUDE_SOURCE;
				MTL_FAST_MATH = YES;
				ONLY_ACTIVE_ARCH = YES;
				SDKROOT = iphoneos;
				SWIFT_ACTIVE_COMPILATION_CONDITIONS = DEBUG;
				SWIFT_OPTIMIZATION_LEVEL = "-Onone";
			};
			name = Debug;
		};
		FA268DE7228903770040E00E /* Release */ = {
			isa = XCBuildConfiguration;
			buildSettings = {
				ALWAYS_SEARCH_USER_PATHS = NO;
				CLANG_ANALYZER_NONNULL = YES;
				CLANG_ANALYZER_NUMBER_OBJECT_CONVERSION = YES_AGGRESSIVE;
				CLANG_CXX_LANGUAGE_STANDARD = "gnu++14";
				CLANG_CXX_LIBRARY = "libc++";
				CLANG_ENABLE_MODULES = YES;
				CLANG_ENABLE_OBJC_ARC = YES;
				CLANG_ENABLE_OBJC_WEAK = YES;
				CLANG_WARN_BLOCK_CAPTURE_AUTORELEASING = YES;
				CLANG_WARN_BOOL_CONVERSION = YES;
				CLANG_WARN_COMMA = YES;
				CLANG_WARN_CONSTANT_CONVERSION = YES;
				CLANG_WARN_DEPRECATED_OBJC_IMPLEMENTATIONS = YES;
				CLANG_WARN_DIRECT_OBJC_ISA_USAGE = YES_ERROR;
				CLANG_WARN_DOCUMENTATION_COMMENTS = YES;
				CLANG_WARN_EMPTY_BODY = YES;
				CLANG_WARN_ENUM_CONVERSION = YES;
				CLANG_WARN_INFINITE_RECURSION = YES;
				CLANG_WARN_INT_CONVERSION = YES;
				CLANG_WARN_NON_LITERAL_NULL_CONVERSION = YES;
				CLANG_WARN_OBJC_IMPLICIT_RETAIN_SELF = YES;
				CLANG_WARN_OBJC_LITERAL_CONVERSION = YES;
				CLANG_WARN_OBJC_ROOT_CLASS = YES_ERROR;
				CLANG_WARN_RANGE_LOOP_ANALYSIS = YES;
				CLANG_WARN_STRICT_PROTOTYPES = YES;
				CLANG_WARN_SUSPICIOUS_MOVE = YES;
				CLANG_WARN_UNGUARDED_AVAILABILITY = YES_AGGRESSIVE;
				CLANG_WARN_UNREACHABLE_CODE = YES;
				CLANG_WARN__DUPLICATE_METHOD_MATCH = YES;
				CODE_SIGN_IDENTITY = "iPhone Developer";
				COPY_PHASE_STRIP = NO;
				DEBUG_INFORMATION_FORMAT = "dwarf-with-dsym";
				ENABLE_NS_ASSERTIONS = NO;
				ENABLE_STRICT_OBJC_MSGSEND = YES;
				GCC_C_LANGUAGE_STANDARD = gnu11;
				GCC_NO_COMMON_BLOCKS = YES;
				GCC_WARN_64_TO_32_BIT_CONVERSION = YES;
				GCC_WARN_ABOUT_RETURN_TYPE = YES_ERROR;
				GCC_WARN_UNDECLARED_SELECTOR = YES;
				GCC_WARN_UNINITIALIZED_AUTOS = YES_AGGRESSIVE;
				GCC_WARN_UNUSED_FUNCTION = YES;
				GCC_WARN_UNUSED_VARIABLE = YES;
				IPHONEOS_DEPLOYMENT_TARGET = 12.2;
				MTL_ENABLE_DEBUG_INFO = NO;
				MTL_FAST_MATH = YES;
				SDKROOT = iphoneos;
				SWIFT_COMPILATION_MODE = wholemodule;
				SWIFT_OPTIMIZATION_LEVEL = "-O";
				VALIDATE_PRODUCT = YES;
			};
			name = Release;
		};
		FA268DE9228903770040E00E /* Debug */ = {
			isa = XCBuildConfiguration;
			baseConfigurationReference = 0CEB3BF3850BBDD23E9F85CA /* Pods-AutoLayoutProgrammaticaly.debug.xcconfig */;
			buildSettings = {
				ASSETCATALOG_COMPILER_APPICON_NAME = AppIcon;
				CODE_SIGN_STYLE = Automatic;
				INFOPLIST_FILE = AutoLayoutProgrammaticaly/Info.plist;
				IPHONEOS_DEPLOYMENT_TARGET = 11.0;
				LD_RUNPATH_SEARCH_PATHS = (
					"$(inherited)",
					"@executable_path/Frameworks",
				);
				PRODUCT_BUNDLE_IDENTIFIER = com.vn.bts.AutoLayoutProgrammaticaly;
				PRODUCT_NAME = "$(TARGET_NAME)";
				SWIFT_VERSION = 5.0;
				TARGETED_DEVICE_FAMILY = "1,2";
			};
			name = Debug;
		};
		FA268DEA228903770040E00E /* Release */ = {
			isa = XCBuildConfiguration;
			baseConfigurationReference = 515DAA1A871780DB6AD95D69 /* Pods-AutoLayoutProgrammaticaly.release.xcconfig */;
			buildSettings = {
				ASSETCATALOG_COMPILER_APPICON_NAME = AppIcon;
				CODE_SIGN_STYLE = Automatic;
				INFOPLIST_FILE = AutoLayoutProgrammaticaly/Info.plist;
				IPHONEOS_DEPLOYMENT_TARGET = 11.0;
				LD_RUNPATH_SEARCH_PATHS = (
					"$(inherited)",
					"@executable_path/Frameworks",
				);
				PRODUCT_BUNDLE_IDENTIFIER = com.vn.bts.AutoLayoutProgrammaticaly;
				PRODUCT_NAME = "$(TARGET_NAME)";
				SWIFT_VERSION = 5.0;
				TARGETED_DEVICE_FAMILY = "1,2";
			};
			name = Release;
		};
/* End XCBuildConfiguration section */

/* Begin XCConfigurationList section */
		FA268DD1228903750040E00E /* Build configuration list for PBXProject "AutoLayoutProgrammaticaly" */ = {
			isa = XCConfigurationList;
			buildConfigurations = (
				FA268DE6228903770040E00E /* Debug */,
				FA268DE7228903770040E00E /* Release */,
			);
			defaultConfigurationIsVisible = 0;
			defaultConfigurationName = Release;
		};
		FA268DE8228903770040E00E /* Build configuration list for PBXNativeTarget "AutoLayoutProgrammaticaly" */ = {
			isa = XCConfigurationList;
			buildConfigurations = (
				FA268DE9228903770040E00E /* Debug */,
				FA268DEA228903770040E00E /* Release */,
			);
			defaultConfigurationIsVisible = 0;
			defaultConfigurationName = Release;
		};
/* End XCConfigurationList section */
	};
	rootObject = FA268DCE228903750040E00E /* Project object */;
}
